
Microsoft Visual Studio Solution File, Format Version 12.00
# Visual Studio Version 17
VisualStudioVersion = 17.5.002.0
MinimumVisualStudioVersion = 10.0.40219.1
Project("{9A19103F-16F7-4668-BE54-9A1E7A4F7556}") = "NamesProgram", "NamesProgram.csproj", "{B51F48AE-E791-4775-A5A1-799D18E7F406}"
EndProject
Global
	GlobalSection(SolutionConfigurationPlatforms) = preSolution
		Debug|Any CPU = Debug|Any CPU
		Release|Any CPU = Release|Any CPU
	EndGlobalSection
	GlobalSection(ProjectConfigurationPlatforms) = postSolution
		{B51F48AE-E791-4775-A5A1-799D18E7F406}.Debug|Any CPU.ActiveCfg = Debug|Any CPU
		{B51F48AE-E791-4775-A5A1-799D18E7F406}.Debug|Any CPU.Build.0 = Debug|Any CPU
		{B51F48AE-E791-4775-A5A1-799D18E7F406}.Release|Any CPU.ActiveCfg = Release|Any CPU
		{B51F48AE-E791-4775-A5A1-799D18E7F406}.Release|Any CPU.Build.0 = Release|Any CPU
	EndGlobalSection
	GlobalSection(SolutionProperties) = preSolution
		HideSolutionNode = FALSE
	EndGlobalSection
	GlobalSection(ExtensibilityGlobals) = postSolution
		SolutionGuid = {BC5B9EB9-06F2-4AB3-ADC8-1BDA66E60F8B}
	EndGlobalSection
EndGlobal
